// !$*UTF8*$!
{
	archiveVersion = 1;
	classes = {
	};
	objectVersion = 56;
	objects = {

/* Begin PBXBuildFile section */
		E698836529F9D52400733E55 /* HackerNewsAPIAppApp.swift in Sources */ = {isa = PBXBuildFile; fileRef = E698836429F9D52400733E55 /* HackerNewsAPIAppApp.swift */; };
		E698836729F9D52400733E55 /* ContentView.swift in Sources */ = {isa = PBXBuildFile; fileRef = E698836629F9D52400733E55 /* ContentView.swift */; };
		E698836929F9D52700733E55 /* Assets.xcassets in Resources */ = {isa = PBXBuildFile; fileRef = E698836829F9D52700733E55 /* Assets.xcassets */; };
		E698836C29F9D52700733E55 /* Preview Assets.xcassets in Resources */ = {isa = PBXBuildFile; fileRef = E698836B29F9D52700733E55 /* Preview Assets.xcassets */; };
		E698837429F9E5F600733E55 /* NetworkManager.swift in Sources */ = {isa = PBXBuildFile; fileRef = E698837329F9E5F600733E55 /* NetworkManager.swift */; };
		E698837629FA138400733E55 /* PostData.swift in Sources */ = {isa = PBXBuildFile; fileRef = E698837529FA138400733E55 /* PostData.swift */; };
		E6A59F8729FC6A7C002829F7 /* DetailView.swift in Sources */ = {isa = PBXBuildFile; fileRef = E6A59F8629FC6A7C002829F7 /* DetailView.swift */; };
		E6A59F8D29FC73DE002829F7 /* WebView.swift in Sources */ = {isa = PBXBuildFile; fileRef = E6A59F8C29FC73DE002829F7 /* WebView.swift */; };
		E6D6B5252A0AD64D007F6FD1 /* NavView.swift in Sources */ = {isa = PBXBuildFile; fileRef = E6D6B5242A0AD64D007F6FD1 /* NavView.swift */; };
		E6D6B5272A0AD6D6007F6FD1 /* ProfileView.swift in Sources */ = {isa = PBXBuildFile; fileRef = E6D6B5262A0AD6D6007F6FD1 /* ProfileView.swift */; };
		E6D6B5292A0ADE72007F6FD1 /* PostView.swift in Sources */ = {isa = PBXBuildFile; fileRef = E6D6B5282A0ADE72007F6FD1 /* PostView.swift */; };
/* End PBXBuildFile section */

/* Begin PBXFileReference section */
		E698836129F9D52400733E55 /* HackerNewsAPIApp.app */ = {isa = PBXFileReference; explicitFileType = wrapper.application; includeInIndex = 0; path = HackerNewsAPIApp.app; sourceTree = BUILT_PRODUCTS_DIR; };
		E698836429F9D52400733E55 /* HackerNewsAPIAppApp.swift */ = {isa = PBXFileReference; lastKnownFileType = sourcecode.swift; path = HackerNewsAPIAppApp.swift; sourceTree = "<group>"; };
		E698836629F9D52400733E55 /* ContentView.swift */ = {isa = PBXFileReference; lastKnownFileType = sourcecode.swift; path = ContentView.swift; sourceTree = "<group>"; };
		E698836829F9D52700733E55 /* Assets.xcassets */ = {isa = PBXFileReference; lastKnownFileType = folder.assetcatalog; path = Assets.xcassets; sourceTree = "<group>"; };
		E698836B29F9D52700733E55 /* Preview Assets.xcassets */ = {isa = PBXFileReference; lastKnownFileType = folder.assetcatalog; path = "Preview Assets.xcassets"; sourceTree = "<group>"; };
		E698837329F9E5F600733E55 /* NetworkManager.swift */ = {isa = PBXFileReference; lastKnownFileType = sourcecode.swift; path = NetworkManager.swift; sourceTree = "<group>"; };
		E698837529FA138400733E55 /* PostData.swift */ = {isa = PBXFileReference; lastKnownFileType = sourcecode.swift; path = PostData.swift; sourceTree = "<group>"; };
		E6A59F8629FC6A7C002829F7 /* DetailView.swift */ = {isa = PBXFileReference; lastKnownFileType = sourcecode.swift; path = DetailView.swift; sourceTree = "<group>"; };
		E6A59F8C29FC73DE002829F7 /* WebView.swift */ = {isa = PBXFileReference; lastKnownFileType = sourcecode.swift; path = WebView.swift; sourceTree = "<group>"; };
		E6D6B5242A0AD64D007F6FD1 /* NavView.swift */ = {isa = PBXFileReference; lastKnownFileType = sourcecode.swift; path = NavView.swift; sourceTree = "<group>"; };
		E6D6B5262A0AD6D6007F6FD1 /* ProfileView.swift */ = {isa = PBXFileReference; lastKnownFileType = sourcecode.swift; path = ProfileView.swift; sourceTree = "<group>"; };
		E6D6B5282A0ADE72007F6FD1 /* PostView.swift */ = {isa = PBXFileReference; lastKnownFileType = sourcecode.swift; path = PostView.swift; sourceTree = "<group>"; };
/* End PBXFileReference section */

/* Begin PBXFrameworksBuildPhase section */
		E698835E29F9D52400733E55 /* Frameworks */ = {
			isa = PBXFrameworksBuildPhase;
			buildActionMask = 2147483647;
			files = (
			);
			runOnlyForDeploymentPostprocessing = 0;
		};
/* End PBXFrameworksBuildPhase section */

/* Begin PBXGroup section */
		E698835829F9D52400733E55 = {
			isa = PBXGroup;
			children = (
				E698836329F9D52400733E55 /* HackerNewsAPIApp */,
				E698836229F9D52400733E55 /* Products */,
			);
			sourceTree = "<group>";
		};
		E698836229F9D52400733E55 /* Products */ = {
			isa = PBXGroup;
			children = (
				E698836129F9D52400733E55 /* HackerNewsAPIApp.app */,
			);
			name = Products;
			sourceTree = "<group>";
		};
		E698836329F9D52400733E55 /* HackerNewsAPIApp */ = {
			isa = PBXGroup;
			children = (
				E6A59F8529FC6A57002829F7 /* Views */,
				E698837229F9E5D300733E55 /* Models */,
				E698836429F9D52400733E55 /* HackerNewsAPIAppApp.swift */,
				E698836829F9D52700733E55 /* Assets.xcassets */,
				E698836A29F9D52700733E55 /* Preview Content */,
			);
			path = HackerNewsAPIApp;
			sourceTree = "<group>";
		};
		E698836A29F9D52700733E55 /* Preview Content */ = {
			isa = PBXGroup;
			children = (
				E698836B29F9D52700733E55 /* Preview Assets.xcassets */,
			);
			path = "Preview Content";
			sourceTree = "<group>";
		};
		E698837229F9E5D300733E55 /* Models */ = {
			isa = PBXGroup;
			children = (
				E698837329F9E5F600733E55 /* NetworkManager.swift */,
				E698837529FA138400733E55 /* PostData.swift */,
			);
			path = Models;
			sourceTree = "<group>";
		};
		E6A59F8529FC6A57002829F7 /* Views */ = {
			isa = PBXGroup;
			children = (
				E698836629F9D52400733E55 /* ContentView.swift */,
				E6A59F8629FC6A7C002829F7 /* DetailView.swift */,
				E6D6B5282A0ADE72007F6FD1 /* PostView.swift */,
				E6D6B5242A0AD64D007F6FD1 /* NavView.swift */,
				E6D6B5262A0AD6D6007F6FD1 /* ProfileView.swift */,
				E6A59F8C29FC73DE002829F7 /* WebView.swift */,
			);
			path = Views;
			sourceTree = "<group>";
		};
/* End PBXGroup section */

/* Begin PBXNativeTarget section */
		E698836029F9D52400733E55 /* HackerNewsAPIApp */ = {
			isa = PBXNativeTarget;
			buildConfigurationList = E698836F29F9D52700733E55 /* Build configuration list for PBXNativeTarget "HackerNewsAPIApp" */;
			buildPhases = (
				E698835D29F9D52400733E55 /* Sources */,
				E698835E29F9D52400733E55 /* Frameworks */,
				E698835F29F9D52400733E55 /* Resources */,
			);
			buildRules = (
			);
			dependencies = (
			);
			name = HackerNewsAPIApp;
			productName = HackerNewsAPIApp;
			productReference = E698836129F9D52400733E55 /* HackerNewsAPIApp.app */;
			productType = "com.apple.product-type.application";
		};
/* End PBXNativeTarget section */

/* Begin PBXProject section */
		E698835929F9D52400733E55 /* Project object */ = {
			isa = PBXProject;
			attributes = {
				BuildIndependentTargetsInParallel = 1;
				LastSwiftUpdateCheck = 1430;
				LastUpgradeCheck = 1430;
				TargetAttributes = {
					E698836029F9D52400733E55 = {
						CreatedOnToolsVersion = 14.3;
					};
				};
			};
			buildConfigurationList = E698835C29F9D52400733E55 /* Build configuration list for PBXProject "HackerNewsAPIApp" */;
			compatibilityVersion = "Xcode 14.0";
			developmentRegion = en;
			hasScannedForEncodings = 0;
			knownRegions = (
				en,
				Base,
			);
			mainGroup = E698835829F9D52400733E55;
			productRefGroup = E698836229F9D52400733E55 /* Products */;
			projectDirPath = "";
			projectRoot = "";
			targets = (
				E698836029F9D52400733E55 /* HackerNewsAPIApp */,
			);
		};
/* End PBXProject section */

/* Begin PBXResourcesBuildPhase section */
		E698835F29F9D52400733E55 /* Resources */ = {
			isa = PBXResourcesBuildPhase;
			buildActionMask = 2147483647;
			files = (
				E698836C29F9D52700733E55 /* Preview Assets.xcassets in Resources */,
				E698836929F9D52700733E55 /* Assets.xcassets in Resources */,
			);
			runOnlyForDeploymentPostprocessing = 0;
		};
/* End PBXResourcesBuildPhase section */

/* Begin PBXSourcesBuildPhase section */
		E698835D29F9D52400733E55 /* Sources */ = {
			isa = PBXSourcesBuildPhase;
			buildActionMask = 2147483647;
			files = (
				E6D6B5272A0AD6D6007F6FD1 /* ProfileView.swift in Sources */,
				E698837429F9E5F600733E55 /* NetworkManager.swift in Sources */,
				E698837629FA138400733E55 /* PostData.swift in Sources */,
				E698836729F9D52400733E55 /* ContentView.swift in Sources */,
				E6A59F8D29FC73DE002829F7 /* WebView.swift in Sources */,
				E6A59F8729FC6A7C002829F7 /* DetailView.swift in Sources */,
				E698836529F9D52400733E55 /* HackerNewsAPIAppApp.swift in Sources */,
				E6D6B5292A0ADE72007F6FD1 /* PostView.swift in Sources */,
				E6D6B5252A0AD64D007F6FD1 /* NavView.swift in Sources */,
			);
			runOnlyForDeploymentPostprocessing = 0;
		};
/* End PBXSourcesBuildPhase section */

/* Begin XCBuildConfiguration section */
		E698836D29F9D52700733E55 /* Debug */ = {
			isa = XCBuildConfiguration;
			buildSettings = {
				ALWAYS_SEARCH_USER_PATHS = NO;
				CLANG_ANALYZER_NONNULL = YES;
				CLANG_ANALYZER_NUMBER_OBJECT_CONVERSION = YES_AGGRESSIVE;
				CLANG_CXX_LANGUAGE_STANDARD = "gnu++20";
				CLANG_ENABLE_MODULES = YES;
				CLANG_ENABLE_OBJC_ARC = YES;
				CLANG_ENABLE_OBJC_WEAK = YES;
				CLANG_WARN_BLOCK_CAPTURE_AUTORELEASING = YES;
				CLANG_WARN_BOOL_CONVERSION = YES;
				CLANG_WARN_COMMA = YES;
				CLANG_WARN_CONSTANT_CONVERSION = YES;
				CLANG_WARN_DEPRECATED_OBJC_IMPLEMENTATIONS = YES;
				CLANG_WARN_DIRECT_OBJC_ISA_USAGE = YES_ERROR;
				CLANG_WARN_DOCUMENTATION_COMMENTS = YES;
				CLANG_WARN_EMPTY_BODY = YES;
				CLANG_WARN_ENUM_CONVERSION = YES;
				CLANG_WARN_INFINITE_RECURSION = YES;
				CLANG_WARN_INT_CONVERSION = YES;
				CLANG_WARN_NON_LITERAL_NULL_CONVERSION = YES;
				CLANG_WARN_OBJC_IMPLICIT_RETAIN_SELF = YES;
				CLANG_WARN_OBJC_LITERAL_CONVERSION = YES;
				CLANG_WARN_OBJC_ROOT_CLASS = YES_ERROR;
				CLANG_WARN_QUOTED_INCLUDE_IN_FRAMEWORK_HEADER = YES;
				CLANG_WARN_RANGE_LOOP_ANALYSIS = YES;
				CLANG_WARN_STRICT_PROTOTYPES = YES;
				CLANG_WARN_SUSPICIOUS_MOVE = YES;
				CLANG_WARN_UNGUARDED_AVAILABILITY = YES_AGGRESSIVE;
				CLANG_WARN_UNREACHABLE_CODE = YES;
				CLANG_WARN__DUPLICATE_METHOD_MATCH = YES;
				COPY_PHASE_STRIP = NO;
				DEBUG_INFORMATION_FORMAT = dwarf;
				ENABLE_STRICT_OBJC_MSGSEND = YES;
				ENABLE_TESTABILITY = YES;
				GCC_C_LANGUAGE_STANDARD = gnu11;
				GCC_DYNAMIC_NO_PIC = NO;
				GCC_NO_COMMON_BLOCKS = YES;
				GCC_OPTIMIZATION_LEVEL = 0;
				GCC_PREPROCESSOR_DEFINITIONS = (
					"DEBUG=1",
					"$(inherited)",
				);
				GCC_WARN_64_TO_32_BIT_CONVERSION = YES;
				GCC_WARN_ABOUT_RETURN_TYPE = YES_ERROR;
				GCC_WARN_UNDECLARED_SELECTOR = YES;
				GCC_WARN_UNINITIALIZED_AUTOS = YES_AGGRESSIVE;
				GCC_WARN_UNUSED_FUNCTION = YES;
				GCC_WARN_UNUSED_VARIABLE = YES;
				IPHONEOS_DEPLOYMENT_TARGET = 16.4;
				MTL_ENABLE_DEBUG_INFO = INCLUDE_SOURCE;
				MTL_FAST_MATH = YES;
				ONLY_ACTIVE_ARCH = YES;
				SDKROOT = iphoneos;
				SWIFT_ACTIVE_COMPILATION_CONDITIONS = DEBUG;
				SWIFT_OPTIMIZATION_LEVEL = "-Onone";
			};
			name = Debug;
		};
		E698836E29F9D52700733E55 /* Release */ = {
			isa = XCBuildConfiguration;
			buildSettings = {
				ALWAYS_SEARCH_USER_PATHS = NO;
				CLANG_ANALYZER_NONNULL = YES;
				CLANG_ANALYZER_NUMBER_OBJECT_CONVERSION = YES_AGGRESSIVE;
				CLANG_CXX_LANGUAGE_STANDARD = "gnu++20";
				CLANG_ENABLE_MODULES = YES;
				CLANG_ENABLE_OBJC_ARC = YES;
				CLANG_ENABLE_OBJC_WEAK = YES;
				CLANG_WARN_BLOCK_CAPTURE_AUTORELEASING = YES;
				CLANG_WARN_BOOL_CONVERSION = YES;
				CLANG_WARN_COMMA = YES;
				CLANG_WARN_CONSTANT_CONVERSION = YES;
				CLANG_WARN_DEPRECATED_OBJC_IMPLEMENTATIONS = YES;
				CLANG_WARN_DIRECT_OBJC_ISA_USAGE = YES_ERROR;
				CLANG_WARN_DOCUMENTATION_COMMENTS = YES;
				CLANG_WARN_EMPTY_BODY = YES;
				CLANG_WARN_ENUM_CONVERSION = YES;
				CLANG_WARN_INFINITE_RECURSION = YES;
				CLANG_WARN_INT_CONVERSION = YES;
				CLANG_WARN_NON_LITERAL_NULL_CONVERSION = YES;
				CLANG_WARN_OBJC_IMPLICIT_RETAIN_SELF = YES;
				CLANG_WARN_OBJC_LITERAL_CONVERSION = YES;
				CLANG_WARN_OBJC_ROOT_CLASS = YES_ERROR;
				CLANG_WARN_QUOTED_INCLUDE_IN_FRAMEWORK_HEADER = YES;
				CLANG_WARN_RANGE_LOOP_ANALYSIS = YES;
				CLANG_WARN_STRICT_PROTOTYPES = YES;
				CLANG_WARN_SUSPICIOUS_MOVE = YES;
				CLANG_WARN_UNGUARDED_AVAILABILITY = YES_AGGRESSIVE;
				CLANG_WARN_UNREACHABLE_CODE = YES;
				CLANG_WARN__DUPLICATE_METHOD_MATCH = YES;
				COPY_PHASE_STRIP = NO;
				DEBUG_INFORMATION_FORMAT = "dwarf-with-dsym";
				ENABLE_NS_ASSERTIONS = NO;
				ENABLE_STRICT_OBJC_MSGSEND = YES;
				GCC_C_LANGUAGE_STANDARD = gnu11;
				GCC_NO_COMMON_BLOCKS = YES;
				GCC_WARN_64_TO_32_BIT_CONVERSION = YES;
				GCC_WARN_ABOUT_RETURN_TYPE = YES_ERROR;
				GCC_WARN_UNDECLARED_SELECTOR = YES;
				GCC_WARN_UNINITIALIZED_AUTOS = YES_AGGRESSIVE;
				GCC_WARN_UNUSED_FUNCTION = YES;
				GCC_WARN_UNUSED_VARIABLE = YES;
				IPHONEOS_DEPLOYMENT_TARGET = 16.4;
				MTL_ENABLE_DEBUG_INFO = NO;
				MTL_FAST_MATH = YES;
				SDKROOT = iphoneos;
				SWIFT_COMPILATION_MODE = wholemodule;
				SWIFT_OPTIMIZATION_LEVEL = "-O";
				VALIDATE_PRODUCT = YES;
			};
			name = Release;
		};
		E698837029F9D52700733E55 /* Debug */ = {
			isa = XCBuildConfiguration;
			buildSettings = {
				ASSETCATALOG_COMPILER_APPICON_NAME = AppIcon;
				ASSETCATALOG_COMPILER_GLOBAL_ACCENT_COLOR_NAME = AccentColor;
				CODE_SIGN_STYLE = Automatic;
				CURRENT_PROJECT_VERSION = 1;
				DEVELOPMENT_ASSET_PATHS = "\"HackerNewsAPIApp/Preview Content\"";
				ENABLE_PREVIEWS = YES;
				GENERATE_INFOPLIST_FILE = YES;
				INFOPLIST_KEY_UIApplicationSceneManifest_Generation = YES;
				INFOPLIST_KEY_UIApplicationSupportsIndirectInputEvents = YES;
				INFOPLIST_KEY_UILaunchScreen_Generation = YES;
				INFOPLIST_KEY_UISupportedInterfaceOrientations_iPad = "UIInterfaceOrientationPortrait UIInterfaceOrientationPortraitUpsideDown UIInterfaceOrientationLandscapeLeft UIInterfaceOrientationLandscapeRight";
				INFOPLIST_KEY_UISupportedInterfaceOrientations_iPhone = "UIInterfaceOrientationPortrait UIInterfaceOrientationLandscapeLeft UIInterfaceOrientationLandscapeRight";
				LD_RUNPATH_SEARCH_PATHS = (
					"$(inherited)",
					"@executable_path/Frameworks",
				);
				MARKETING_VERSION = 1.0;
				PRODUCT_BUNDLE_IDENTIFIER = com.IanSlane.HackerNewsAPIApp;
				PRODUCT_NAME = "$(TARGET_NAME)";
				SWIFT_EMIT_LOC_STRINGS = YES;
				SWIFT_VERSION = 5.0;
				TARGETED_DEVICE_FAMILY = "1,2";
			};
			name = Debug;
		};
		E698837129F9D52700733E55 /* Release */ = {
			isa = XCBuildConfiguration;
			buildSettings = {
				ASSETCATALOG_COMPILER_APPICON_NAME = AppIcon;
				ASSETCATALOG_COMPILER_GLOBAL_ACCENT_COLOR_NAME = AccentColor;
				CODE_SIGN_STYLE = Automatic;
				CURRENT_PROJECT_VERSION = 1;
				DEVELOPMENT_ASSET_PATHS = "\"HackerNewsAPIApp/Preview Content\"";
				ENABLE_PREVIEWS = YES;
				GENERATE_INFOPLIST_FILE = YES;
				INFOPLIST_KEY_UIApplicationSceneManifest_Generation = YES;
				INFOPLIST_KEY_UIApplicationSupportsIndirectInputEvents = YES;
				INFOPLIST_KEY_UILaunchScreen_Generation = YES;
				INFOPLIST_KEY_UISupportedInterfaceOrientations_iPad = "UIInterfaceOrientationPortrait UIInterfaceOrientationPortraitUpsideDown UIInterfaceOrientationLandscapeLeft UIInterfaceOrientationLandscapeRight";
				INFOPLIST_KEY_UISupportedInterfaceOrientations_iPhone = "UIInterfaceOrientationPortrait UIInterfaceOrientationLandscapeLeft UIInterfaceOrientationLandscapeRight";
				LD_RUNPATH_SEARCH_PATHS = (
					"$(inherited)",
					"@executable_path/Frameworks",
				);
				MARKETING_VERSION = 1.0;
				PRODUCT_BUNDLE_IDENTIFIER = com.IanSlane.HackerNewsAPIApp;
				PRODUCT_NAME = "$(TARGET_NAME)";
				SWIFT_EMIT_LOC_STRINGS = YES;
				SWIFT_VERSION = 5.0;
				TARGETED_DEVICE_FAMILY = "1,2";
			};
			name = Release;
		};
/* End XCBuildConfiguration section */

/* Begin XCConfigurationList section */
		E698835C29F9D52400733E55 /* Build configuration list for PBXProject "HackerNewsAPIApp" */ = {
			isa = XCConfigurationList;
			buildConfigurations = (
				E698836D29F9D52700733E55 /* Debug */,
				E698836E29F9D52700733E55 /* Release */,
			);
			defaultConfigurationIsVisible = 0;
			defaultConfigurationName = Release;
		};
		E698836F29F9D52700733E55 /* Build configuration list for PBXNativeTarget "HackerNewsAPIApp" */ = {
			isa = XCConfigurationList;
			buildConfigurations = (
				E698837029F9D52700733E55 /* Debug */,
				E698837129F9D52700733E55 /* Release */,
			);
			defaultConfigurationIsVisible = 0;
			defaultConfigurationName = Release;
		};
/* End XCConfigurationList section */
	};
	rootObject = E698835929F9D52400733E55 /* Project object */;
}
